
Microsoft Visual Studio Solution File, Format Version 11.00
# Visual Studio 2010
Project("{FAE04EC0-301F-11D3-BF4B-00C04F79EFBC}") = "Assembly-CSharp", "Assembly-CSharp.csproj", "{FEB1915C-6E2B-3235-A316-E7BD23D56ADA}"
EndProject
Global
	GlobalSection(SolutionConfigurationPlatforms) = preSolution
		Debug|Any CPU = Debug|Any CPU
		Release|Any CPU = Release|Any CPU
	EndGlobalSection
	GlobalSection(ProjectConfigurationPlatforms) = postSolution
		{FEB1915C-6E2B-3235-A316-E7BD23D56ADA}.Debug|Any CPU.ActiveCfg = Debug|Any CPU
		{FEB1915C-6E2B-3235-A316-E7BD23D56ADA}.Debug|Any CPU.Build.0 = Debug|Any CPU
		{FEB1915C-6E2B-3235-A316-E7BD23D56ADA}.Release|Any CPU.ActiveCfg = Release|Any CPU
		{FEB1915C-6E2B-3235-A316-E7BD23D56ADA}.Release|Any CPU.Build.0 = Release|Any CPU
	EndGlobalSection
	GlobalSection(SolutionProperties) = preSolution
		HideSolutionNode = FALSE
	EndGlobalSection
EndGlobal
